// !$*UTF8*$!
{
	archiveVersion = 1;
	classes = {
	};
	objectVersion = 50;
	objects = {

/* Begin PBXBuildFile section */
		A27E140A254DC019002A6C6C /* LinkedinSwipeApp.swift in Sources */ = {isa = PBXBuildFile; fileRef = A27E1409254DC019002A6C6C /* LinkedinSwipeApp.swift */; };
		A27E140C254DC019002A6C6C /* ContentView.swift in Sources */ = {isa = PBXBuildFile; fileRef = A27E140B254DC019002A6C6C /* ContentView.swift */; };
		A27E140E254DC01B002A6C6C /* Assets.xcassets in Resources */ = {isa = PBXBuildFile; fileRef = A27E140D254DC01B002A6C6C /* Assets.xcassets */; };
		A27E1411254DC01B002A6C6C /* Preview Assets.xcassets in Resources */ = {isa = PBXBuildFile; fileRef = A27E1410254DC01B002A6C6C /* Preview Assets.xcassets */; };
		A27E141E254DC092002A6C6C /* CardView.swift in Sources */ = {isa = PBXBuildFile; fileRef = A27E141D254DC092002A6C6C /* CardView.swift */; };
		A27E1422254DC0F0002A6C6C /* HomeView.swift in Sources */ = {isa = PBXBuildFile; fileRef = A27E1421254DC0F0002A6C6C /* HomeView.swift */; };
		A27E1426254DC266002A6C6C /* Images.xcassets in Resources */ = {isa = PBXBuildFile; fileRef = A27E1425254DC266002A6C6C /* Images.xcassets */; };
		A27E142A254DCA9E002A6C6C /* Extensions.swift in Sources */ = {isa = PBXBuildFile; fileRef = A27E1429254DCA9E002A6C6C /* Extensions.swift */; };
/* End PBXBuildFile section */

/* Begin PBXFileReference section */
		A27E1406254DC019002A6C6C /* LinkedinSwipe.app */ = {isa = PBXFileReference; explicitFileType = wrapper.application; includeInIndex = 0; path = LinkedinSwipe.app; sourceTree = BUILT_PRODUCTS_DIR; };
		A27E1409254DC019002A6C6C /* LinkedinSwipeApp.swift */ = {isa = PBXFileReference; lastKnownFileType = sourcecode.swift; path = LinkedinSwipeApp.swift; sourceTree = "<group>"; };
		A27E140B254DC019002A6C6C /* ContentView.swift */ = {isa = PBXFileReference; lastKnownFileType = sourcecode.swift; path = ContentView.swift; sourceTree = "<group>"; };
		A27E140D254DC01B002A6C6C /* Assets.xcassets */ = {isa = PBXFileReference; lastKnownFileType = folder.assetcatalog; path = Assets.xcassets; sourceTree = "<group>"; };
		A27E1410254DC01B002A6C6C /* Preview Assets.xcassets */ = {isa = PBXFileReference; lastKnownFileType = folder.assetcatalog; path = "Preview Assets.xcassets"; sourceTree = "<group>"; };
		A27E1412254DC01B002A6C6C /* Info.plist */ = {isa = PBXFileReference; lastKnownFileType = text.plist.xml; path = Info.plist; sourceTree = "<group>"; };
		A27E141D254DC092002A6C6C /* CardView.swift */ = {isa = PBXFileReference; lastKnownFileType = sourcecode.swift; path = CardView.swift; sourceTree = "<group>"; };
		A27E1421254DC0F0002A6C6C /* HomeView.swift */ = {isa = PBXFileReference; lastKnownFileType = sourcecode.swift; path = HomeView.swift; sourceTree = "<group>"; };
		A27E1425254DC266002A6C6C /* Images.xcassets */ = {isa = PBXFileReference; lastKnownFileType = folder.assetcatalog; path = Images.xcassets; sourceTree = "<group>"; };
		A27E1429254DCA9E002A6C6C /* Extensions.swift */ = {isa = PBXFileReference; lastKnownFileType = sourcecode.swift; path = Extensions.swift; sourceTree = "<group>"; };
/* End PBXFileReference section */

/* Begin PBXFrameworksBuildPhase section */
		A27E1403254DC019002A6C6C /* Frameworks */ = {
			isa = PBXFrameworksBuildPhase;
			buildActionMask = 2147483647;
			files = (
			);
			runOnlyForDeploymentPostprocessing = 0;
		};
/* End PBXFrameworksBuildPhase section */

/* Begin PBXGroup section */
		A27E13FD254DC019002A6C6C = {
			isa = PBXGroup;
			children = (
				A27E1408254DC019002A6C6C /* LinkedinSwipe */,
				A27E1407254DC019002A6C6C /* Products */,
			);
			sourceTree = "<group>";
		};
		A27E1407254DC019002A6C6C /* Products */ = {
			isa = PBXGroup;
			children = (
				A27E1406254DC019002A6C6C /* LinkedinSwipe.app */,
			);
			name = Products;
			sourceTree = "<group>";
		};
		A27E1408254DC019002A6C6C /* LinkedinSwipe */ = {
			isa = PBXGroup;
			children = (
				A27E1428254DCA7D002A6C6C /* Extensions */,
				A27E141C254DC055002A6C6C /* Default */,
				A27E1419254DC037002A6C6C /* Model */,
				A27E141A254DC03D002A6C6C /* View */,
				A27E141B254DC044002A6C6C /* ViewModel */,
			);
			path = LinkedinSwipe;
			sourceTree = "<group>";
		};
		A27E140F254DC01B002A6C6C /* Preview Content */ = {
			isa = PBXGroup;
			children = (
				A27E1410254DC01B002A6C6C /* Preview Assets.xcassets */,
			);
			path = "Preview Content";
			sourceTree = "<group>";
		};
		A27E1419254DC037002A6C6C /* Model */ = {
			isa = PBXGroup;
			children = (
			);
			path = Model;
			sourceTree = "<group>";
		};
		A27E141A254DC03D002A6C6C /* View */ = {
			isa = PBXGroup;
			children = (
				A27E141D254DC092002A6C6C /* CardView.swift */,
				A27E1421254DC0F0002A6C6C /* HomeView.swift */,
			);
			path = View;
			sourceTree = "<group>";
		};
		A27E141B254DC044002A6C6C /* ViewModel */ = {
			isa = PBXGroup;
			children = (
			);
			path = ViewModel;
			sourceTree = "<group>";
		};
		A27E141C254DC055002A6C6C /* Default */ = {
			isa = PBXGroup;
			children = (
				A27E1409254DC019002A6C6C /* LinkedinSwipeApp.swift */,
				A27E140B254DC019002A6C6C /* ContentView.swift */,
				A27E140D254DC01B002A6C6C /* Assets.xcassets */,
				A27E1412254DC01B002A6C6C /* Info.plist */,
				A27E140F254DC01B002A6C6C /* Preview Content */,
				A27E1425254DC266002A6C6C /* Images.xcassets */,
			);
			name = Default;
			sourceTree = "<group>";
		};
		A27E1428254DCA7D002A6C6C /* Extensions */ = {
			isa = PBXGroup;
			children = (
				A27E1429254DCA9E002A6C6C /* Extensions.swift */,
			);
			path = Extensions;
			sourceTree = "<group>";
		};
/* End PBXGroup section */

/* Begin PBXNativeTarget section */
		A27E1405254DC019002A6C6C /* LinkedinSwipe */ = {
			isa = PBXNativeTarget;
			buildConfigurationList = A27E1415254DC01B002A6C6C /* Build configuration list for PBXNativeTarget "LinkedinSwipe" */;
			buildPhases = (
				A27E1402254DC019002A6C6C /* Sources */,
				A27E1403254DC019002A6C6C /* Frameworks */,
				A27E1404254DC019002A6C6C /* Resources */,
			);
			buildRules = (
			);
			dependencies = (
			);
			name = LinkedinSwipe;
			productName = LinkedinSwipe;
			productReference = A27E1406254DC019002A6C6C /* LinkedinSwipe.app */;
			productType = "com.apple.product-type.application";
		};
/* End PBXNativeTarget section */

/* Begin PBXProject section */
		A27E13FE254DC019002A6C6C /* Project object */ = {
			isa = PBXProject;
			attributes = {
				LastSwiftUpdateCheck = 1210;
				LastUpgradeCheck = 1210;
				TargetAttributes = {
					A27E1405254DC019002A6C6C = {
						CreatedOnToolsVersion = 12.1;
					};
				};
			};
			buildConfigurationList = A27E1401254DC019002A6C6C /* Build configuration list for PBXProject "LinkedinSwipe" */;
			compatibilityVersion = "Xcode 9.3";
			developmentRegion = en;
			hasScannedForEncodings = 0;
			knownRegions = (
				en,
				Base,
			);
			mainGroup = A27E13FD254DC019002A6C6C;
			productRefGroup = A27E1407254DC019002A6C6C /* Products */;
			projectDirPath = "";
			projectRoot = "";
			targets = (
				A27E1405254DC019002A6C6C /* LinkedinSwipe */,
			);
		};
/* End PBXProject section */

/* Begin PBXResourcesBuildPhase section */
		A27E1404254DC019002A6C6C /* Resources */ = {
			isa = PBXResourcesBuildPhase;
			buildActionMask = 2147483647;
			files = (
				A27E1426254DC266002A6C6C /* Images.xcassets in Resources */,
				A27E1411254DC01B002A6C6C /* Preview Assets.xcassets in Resources */,
				A27E140E254DC01B002A6C6C /* Assets.xcassets in Resources */,
			);
			runOnlyForDeploymentPostprocessing = 0;
		};
/* End PBXResourcesBuildPhase section */

/* Begin PBXSourcesBuildPhase section */
		A27E1402254DC019002A6C6C /* Sources */ = {
			isa = PBXSourcesBuildPhase;
			buildActionMask = 2147483647;
			files = (
				A27E142A254DCA9E002A6C6C /* Extensions.swift in Sources */,
				A27E140C254DC019002A6C6C /* ContentView.swift in Sources */,
				A27E1422254DC0F0002A6C6C /* HomeView.swift in Sources */,
				A27E141E254DC092002A6C6C /* CardView.swift in Sources */,
				A27E140A254DC019002A6C6C /* LinkedinSwipeApp.swift in Sources */,
			);
			runOnlyForDeploymentPostprocessing = 0;
		};
/* End PBXSourcesBuildPhase section */

/* Begin XCBuildConfiguration section */
		A27E1413254DC01B002A6C6C /* Debug */ = {
			isa = XCBuildConfiguration;
			buildSettings = {
				ALWAYS_SEARCH_USER_PATHS = NO;
				CLANG_ANALYZER_NONNULL = YES;
				CLANG_ANALYZER_NUMBER_OBJECT_CONVERSION = YES_AGGRESSIVE;
				CLANG_CXX_LANGUAGE_STANDARD = "gnu++14";
				CLANG_CXX_LIBRARY = "libc++";
				CLANG_ENABLE_MODULES = YES;
				CLANG_ENABLE_OBJC_ARC = YES;
				CLANG_ENABLE_OBJC_WEAK = YES;
				CLANG_WARN_BLOCK_CAPTURE_AUTORELEASING = YES;
				CLANG_WARN_BOOL_CONVERSION = YES;
				CLANG_WARN_COMMA = YES;
				CLANG_WARN_CONSTANT_CONVERSION = YES;
				CLANG_WARN_DEPRECATED_OBJC_IMPLEMENTATIONS = YES;
				CLANG_WARN_DIRECT_OBJC_ISA_USAGE = YES_ERROR;
				CLANG_WARN_DOCUMENTATION_COMMENTS = YES;
				CLANG_WARN_EMPTY_BODY = YES;
				CLANG_WARN_ENUM_CONVERSION = YES;
				CLANG_WARN_INFINITE_RECURSION = YES;
				CLANG_WARN_INT_CONVERSION = YES;
				CLANG_WARN_NON_LITERAL_NULL_CONVERSION = YES;
				CLANG_WARN_OBJC_IMPLICIT_RETAIN_SELF = YES;
				CLANG_WARN_OBJC_LITERAL_CONVERSION = YES;
				CLANG_WARN_OBJC_ROOT_CLASS = YES_ERROR;
				CLANG_WARN_QUOTED_INCLUDE_IN_FRAMEWORK_HEADER = YES;
				CLANG_WARN_RANGE_LOOP_ANALYSIS = YES;
				CLANG_WARN_STRICT_PROTOTYPES = YES;
				CLANG_WARN_SUSPICIOUS_MOVE = YES;
				CLANG_WARN_UNGUARDED_AVAILABILITY = YES_AGGRESSIVE;
				CLANG_WARN_UNREACHABLE_CODE = YES;
				CLANG_WARN__DUPLICATE_METHOD_MATCH = YES;
				COPY_PHASE_STRIP = NO;
				DEBUG_INFORMATION_FORMAT = dwarf;
				ENABLE_STRICT_OBJC_MSGSEND = YES;
				ENABLE_TESTABILITY = YES;
				GCC_C_LANGUAGE_STANDARD = gnu11;
				GCC_DYNAMIC_NO_PIC = NO;
				GCC_NO_COMMON_BLOCKS = YES;
				GCC_OPTIMIZATION_LEVEL = 0;
				GCC_PREPROCESSOR_DEFINITIONS = (
					"DEBUG=1",
					"$(inherited)",
				);
				GCC_WARN_64_TO_32_BIT_CONVERSION = YES;
				GCC_WARN_ABOUT_RETURN_TYPE = YES_ERROR;
				GCC_WARN_UNDECLARED_SELECTOR = YES;
				GCC_WARN_UNINITIALIZED_AUTOS = YES_AGGRESSIVE;
				GCC_WARN_UNUSED_FUNCTION = YES;
				GCC_WARN_UNUSED_VARIABLE = YES;
				IPHONEOS_DEPLOYMENT_TARGET = 14.1;
				MTL_ENABLE_DEBUG_INFO = INCLUDE_SOURCE;
				MTL_FAST_MATH = YES;
				ONLY_ACTIVE_ARCH = YES;
				SDKROOT = iphoneos;
				SWIFT_ACTIVE_COMPILATION_CONDITIONS = DEBUG;
				SWIFT_OPTIMIZATION_LEVEL = "-Onone";
			};
			name = Debug;
		};
		A27E1414254DC01B002A6C6C /* Release */ = {
			isa = XCBuildConfiguration;
			buildSettings = {
				ALWAYS_SEARCH_USER_PATHS = NO;
				CLANG_ANALYZER_NONNULL = YES;
				CLANG_ANALYZER_NUMBER_OBJECT_CONVERSION = YES_AGGRESSIVE;
				CLANG_CXX_LANGUAGE_STANDARD = "gnu++14";
				CLANG_CXX_LIBRARY = "libc++";
				CLANG_ENABLE_MODULES = YES;
				CLANG_ENABLE_OBJC_ARC = YES;
				CLANG_ENABLE_OBJC_WEAK = YES;
				CLANG_WARN_BLOCK_CAPTURE_AUTORELEASING = YES;
				CLANG_WARN_BOOL_CONVERSION = YES;
				CLANG_WARN_COMMA = YES;
				CLANG_WARN_CONSTANT_CONVERSION = YES;
				CLANG_WARN_DEPRECATED_OBJC_IMPLEMENTATIONS = YES;
				CLANG_WARN_DIRECT_OBJC_ISA_USAGE = YES_ERROR;
				CLANG_WARN_DOCUMENTATION_COMMENTS = YES;
				CLANG_WARN_EMPTY_BODY = YES;
				CLANG_WARN_ENUM_CONVERSION = YES;
				CLANG_WARN_INFINITE_RECURSION = YES;
				CLANG_WARN_INT_CONVERSION = YES;
				CLANG_WARN_NON_LITERAL_NULL_CONVERSION = YES;
				CLANG_WARN_OBJC_IMPLICIT_RETAIN_SELF = YES;
				CLANG_WARN_OBJC_LITERAL_CONVERSION = YES;
				CLANG_WARN_OBJC_ROOT_CLASS = YES_ERROR;
				CLANG_WARN_QUOTED_INCLUDE_IN_FRAMEWORK_HEADER = YES;
				CLANG_WARN_RANGE_LOOP_ANALYSIS = YES;
				CLANG_WARN_STRICT_PROTOTYPES = YES;
				CLANG_WARN_SUSPICIOUS_MOVE = YES;
				CLANG_WARN_UNGUARDED_AVAILABILITY = YES_AGGRESSIVE;
				CLANG_WARN_UNREACHABLE_CODE = YES;
				CLANG_WARN__DUPLICATE_METHOD_MATCH = YES;
				COPY_PHASE_STRIP = NO;
				DEBUG_INFORMATION_FORMAT = "dwarf-with-dsym";
				ENABLE_NS_ASSERTIONS = NO;
				ENABLE_STRICT_OBJC_MSGSEND = YES;
				GCC_C_LANGUAGE_STANDARD = gnu11;
				GCC_NO_COMMON_BLOCKS = YES;
				GCC_WARN_64_TO_32_BIT_CONVERSION = YES;
				GCC_WARN_ABOUT_RETURN_TYPE = YES_ERROR;
				GCC_WARN_UNDECLARED_SELECTOR = YES;
				GCC_WARN_UNINITIALIZED_AUTOS = YES_AGGRESSIVE;
				GCC_WARN_UNUSED_FUNCTION = YES;
				GCC_WARN_UNUSED_VARIABLE = YES;
				IPHONEOS_DEPLOYMENT_TARGET = 14.1;
				MTL_ENABLE_DEBUG_INFO = NO;
				MTL_FAST_MATH = YES;
				SDKROOT = iphoneos;
				SWIFT_COMPILATION_MODE = wholemodule;
				SWIFT_OPTIMIZATION_LEVEL = "-O";
				VALIDATE_PRODUCT = YES;
			};
			name = Release;
		};
		A27E1416254DC01B002A6C6C /* Debug */ = {
			isa = XCBuildConfiguration;
			buildSettings = {
				ASSETCATALOG_COMPILER_APPICON_NAME = AppIcon;
				ASSETCATALOG_COMPILER_GLOBAL_ACCENT_COLOR_NAME = AccentColor;
				CODE_SIGN_STYLE = Automatic;
				DEVELOPMENT_ASSET_PATHS = "\"LinkedinSwipe/Preview Content\"";
				DEVELOPMENT_TEAM = 6T32YU9C2P;
				ENABLE_PREVIEWS = YES;
				INFOPLIST_FILE = LinkedinSwipe/Info.plist;
				IPHONEOS_DEPLOYMENT_TARGET = 14.0;
				LD_RUNPATH_SEARCH_PATHS = (
					"$(inherited)",
					"@executable_path/Frameworks",
				);
				PRODUCT_BUNDLE_IDENTIFIER = com.todosVuelan.LinkedinSwipe;
				PRODUCT_NAME = "$(TARGET_NAME)";
				SWIFT_VERSION = 5.0;
				TARGETED_DEVICE_FAMILY = "1,2";
			};
			name = Debug;
		};
		A27E1417254DC01B002A6C6C /* Release */ = {
			isa = XCBuildConfiguration;
			buildSettings = {
				ASSETCATALOG_COMPILER_APPICON_NAME = AppIcon;
				ASSETCATALOG_COMPILER_GLOBAL_ACCENT_COLOR_NAME = AccentColor;
				CODE_SIGN_STYLE = Automatic;
				DEVELOPMENT_ASSET_PATHS = "\"LinkedinSwipe/Preview Content\"";
				DEVELOPMENT_TEAM = 6T32YU9C2P;
				ENABLE_PREVIEWS = YES;
				INFOPLIST_FILE = LinkedinSwipe/Info.plist;
				IPHONEOS_DEPLOYMENT_TARGET = 14.0;
				LD_RUNPATH_SEARCH_PATHS = (
					"$(inherited)",
					"@executable_path/Frameworks",
				);
				PRODUCT_BUNDLE_IDENTIFIER = com.todosVuelan.LinkedinSwipe;
				PRODUCT_NAME = "$(TARGET_NAME)";
				SWIFT_VERSION = 5.0;
				TARGETED_DEVICE_FAMILY = "1,2";
			};
			name = Release;
		};
/* End XCBuildConfiguration section */

/* Begin XCConfigurationList section */
		A27E1401254DC019002A6C6C /* Build configuration list for PBXProject "LinkedinSwipe" */ = {
			isa = XCConfigurationList;
			buildConfigurations = (
				A27E1413254DC01B002A6C6C /* Debug */,
				A27E1414254DC01B002A6C6C /* Release */,
			);
			defaultConfigurationIsVisible = 0;
			defaultConfigurationName = Release;
		};
		A27E1415254DC01B002A6C6C /* Build configuration list for PBXNativeTarget "LinkedinSwipe" */ = {
			isa = XCConfigurationList;
			buildConfigurations = (
				A27E1416254DC01B002A6C6C /* Debug */,
				A27E1417254DC01B002A6C6C /* Release */,
			);
			defaultConfigurationIsVisible = 0;
			defaultConfigurationName = Release;
		};
/* End XCConfigurationList section */
	};
	rootObject = A27E13FE254DC019002A6C6C /* Project object */;
}
